// !$*UTF8*$!
{
	archiveVersion = 1;
	classes = {
	};
	objectVersion = 50;
	objects = {

/* Begin PBXBuildFile section */
		25790A72844D2F00450C1A27 /* Pods_BeautyBellTests.framework in Frameworks */ = {isa = PBXBuildFile; fileRef = 0A8EE50DF5A0F24B1C541A50 /* Pods_BeautyBellTests.framework */; };
		6161BD26266099B500946BA7 /* LoginViewModel.swift in Sources */ = {isa = PBXBuildFile; fileRef = 6161BD25266099B500946BA7 /* LoginViewModel.swift */; };
		617D42402660BDB4002885B0 /* ProfileViewModel.swift in Sources */ = {isa = PBXBuildFile; fileRef = 617D423F2660BDB4002885B0 /* ProfileViewModel.swift */; };
		6189255B265FBC6300BFF444 /* DetailArtisanViewController.swift in Sources */ = {isa = PBXBuildFile; fileRef = 6189255A265FBC6300BFF444 /* DetailArtisanViewController.swift */; };
		61905FF0265FCB9F000B276F /* NetworkService.swift in Sources */ = {isa = PBXBuildFile; fileRef = 61905FEF265FCB9F000B276F /* NetworkService.swift */; };
		61B788F2265FEECB0034A83C /* Extension.swift in Sources */ = {isa = PBXBuildFile; fileRef = 61B788F1265FEECB0034A83C /* Extension.swift */; };
		61B78905265FF1B50034A83C /* ServiceViewModel.swift in Sources */ = {isa = PBXBuildFile; fileRef = 61B78904265FF1B50034A83C /* ServiceViewModel.swift */; };
		61C020B6265FD24600CDF696 /* Artisan.swift in Sources */ = {isa = PBXBuildFile; fileRef = 61C020B5265FD24600CDF696 /* Artisan.swift */; };
		61C021D5265FD68500CDF696 /* ArtisansListViewModel.swift in Sources */ = {isa = PBXBuildFile; fileRef = 61C021D4265FD68500CDF696 /* ArtisansListViewModel.swift */; };
		61C021EC265FDF5100CDF696 /* ArtisanViewModel.swift in Sources */ = {isa = PBXBuildFile; fileRef = 61C021EB265FDF5100CDF696 /* ArtisanViewModel.swift */; };
		824802C0E5B979804F3C429C /* Pods_BeautyBell_BeautyBellUITests.framework in Frameworks */ = {isa = PBXBuildFile; fileRef = 9F2D3CFE98F34D790FBB0998 /* Pods_BeautyBell_BeautyBellUITests.framework */; };
		AF476C389D1B47CAD61837D5 /* Pods_BeautyBell.framework in Frameworks */ = {isa = PBXBuildFile; fileRef = 581AA41AD6D35629793C3EF5 /* Pods_BeautyBell.framework */; };
		DAA4C68C265F94F20041BC49 /* ServiceCollectionViewCell.swift in Sources */ = {isa = PBXBuildFile; fileRef = DAA4C68A265F94F20041BC49 /* ServiceCollectionViewCell.swift */; };
		DAA4C68D265F94F20041BC49 /* ServiceCollectionViewCell.xib in Resources */ = {isa = PBXBuildFile; fileRef = DAA4C68B265F94F20041BC49 /* ServiceCollectionViewCell.xib */; };
		DAA4C695265F96A80041BC49 /* ProfileViewController.swift in Sources */ = {isa = PBXBuildFile; fileRef = DAA4C694265F96A80041BC49 /* ProfileViewController.swift */; };
		DAA4C69A265F97560041BC49 /* HomeViewController.swift in Sources */ = {isa = PBXBuildFile; fileRef = DAA4C699265F97560041BC49 /* HomeViewController.swift */; };
		DAC336FA265F9268003F6452 /* ArtisanTableViewCell.swift in Sources */ = {isa = PBXBuildFile; fileRef = DAC336F8265F9268003F6452 /* ArtisanTableViewCell.swift */; };
		DAC336FB265F9268003F6452 /* ArtisanTableViewCell.xib in Resources */ = {isa = PBXBuildFile; fileRef = DAC336F9265F9268003F6452 /* ArtisanTableViewCell.xib */; };
		DAD0892B265F883800CA59CF /* AppDelegate.swift in Sources */ = {isa = PBXBuildFile; fileRef = DAD0892A265F883800CA59CF /* AppDelegate.swift */; };
		DAD0892D265F883800CA59CF /* SceneDelegate.swift in Sources */ = {isa = PBXBuildFile; fileRef = DAD0892C265F883800CA59CF /* SceneDelegate.swift */; };
		DAD0892F265F883800CA59CF /* LoginViewController.swift in Sources */ = {isa = PBXBuildFile; fileRef = DAD0892E265F883800CA59CF /* LoginViewController.swift */; };
		DAD08932265F883800CA59CF /* Main.storyboard in Resources */ = {isa = PBXBuildFile; fileRef = DAD08930265F883800CA59CF /* Main.storyboard */; };
		DAD08934265F883900CA59CF /* Assets.xcassets in Resources */ = {isa = PBXBuildFile; fileRef = DAD08933265F883900CA59CF /* Assets.xcassets */; };
		DAD08937265F883900CA59CF /* LaunchScreen.storyboard in Resources */ = {isa = PBXBuildFile; fileRef = DAD08935265F883900CA59CF /* LaunchScreen.storyboard */; };
		DAD08942265F883A00CA59CF /* BeautyBellTests.swift in Sources */ = {isa = PBXBuildFile; fileRef = DAD08941265F883A00CA59CF /* BeautyBellTests.swift */; };
		DAD0894D265F883A00CA59CF /* BeautyBellUITests.swift in Sources */ = {isa = PBXBuildFile; fileRef = DAD0894C265F883A00CA59CF /* BeautyBellUITests.swift */; };
/* End PBXBuildFile section */

/* Begin PBXContainerItemProxy section */
		DAD0893E265F883A00CA59CF /* PBXContainerItemProxy */ = {
			isa = PBXContainerItemProxy;
			containerPortal = DAD0891F265F883800CA59CF /* Project object */;
			proxyType = 1;
			remoteGlobalIDString = DAD08926265F883800CA59CF;
			remoteInfo = BeautyBell;
		};
		DAD08949265F883A00CA59CF /* PBXContainerItemProxy */ = {
			isa = PBXContainerItemProxy;
			containerPortal = DAD0891F265F883800CA59CF /* Project object */;
			proxyType = 1;
			remoteGlobalIDString = DAD08926265F883800CA59CF;
			remoteInfo = BeautyBell;
		};
/* End PBXContainerItemProxy section */

/* Begin PBXFileReference section */
		0A8EE50DF5A0F24B1C541A50 /* Pods_BeautyBellTests.framework */ = {isa = PBXFileReference; explicitFileType = wrapper.framework; includeInIndex = 0; path = Pods_BeautyBellTests.framework; sourceTree = BUILT_PRODUCTS_DIR; };
		581AA41AD6D35629793C3EF5 /* Pods_BeautyBell.framework */ = {isa = PBXFileReference; explicitFileType = wrapper.framework; includeInIndex = 0; path = Pods_BeautyBell.framework; sourceTree = BUILT_PRODUCTS_DIR; };
		6161BD25266099B500946BA7 /* LoginViewModel.swift */ = {isa = PBXFileReference; lastKnownFileType = sourcecode.swift; path = LoginViewModel.swift; sourceTree = "<group>"; };
		617D423F2660BDB4002885B0 /* ProfileViewModel.swift */ = {isa = PBXFileReference; lastKnownFileType = sourcecode.swift; path = ProfileViewModel.swift; sourceTree = "<group>"; };
		6189255A265FBC6300BFF444 /* DetailArtisanViewController.swift */ = {isa = PBXFileReference; lastKnownFileType = sourcecode.swift; path = DetailArtisanViewController.swift; sourceTree = "<group>"; };
		61905FEF265FCB9F000B276F /* NetworkService.swift */ = {isa = PBXFileReference; lastKnownFileType = sourcecode.swift; path = NetworkService.swift; sourceTree = "<group>"; };
		61B788F1265FEECB0034A83C /* Extension.swift */ = {isa = PBXFileReference; lastKnownFileType = sourcecode.swift; path = Extension.swift; sourceTree = "<group>"; };
		61B78904265FF1B50034A83C /* ServiceViewModel.swift */ = {isa = PBXFileReference; lastKnownFileType = sourcecode.swift; path = ServiceViewModel.swift; sourceTree = "<group>"; };
		61C020B5265FD24600CDF696 /* Artisan.swift */ = {isa = PBXFileReference; lastKnownFileType = sourcecode.swift; path = Artisan.swift; sourceTree = "<group>"; };
		61C021D4265FD68500CDF696 /* ArtisansListViewModel.swift */ = {isa = PBXFileReference; lastKnownFileType = sourcecode.swift; path = ArtisansListViewModel.swift; sourceTree = "<group>"; };
		61C021EB265FDF5100CDF696 /* ArtisanViewModel.swift */ = {isa = PBXFileReference; lastKnownFileType = sourcecode.swift; path = ArtisanViewModel.swift; sourceTree = "<group>"; };
		6890C95454B435BA82D812DE /* Pods-BeautyBell-BeautyBellUITests.debug.xcconfig */ = {isa = PBXFileReference; includeInIndex = 1; lastKnownFileType = text.xcconfig; name = "Pods-BeautyBell-BeautyBellUITests.debug.xcconfig"; path = "Pods/Target Support Files/Pods-BeautyBell-BeautyBellUITests/Pods-BeautyBell-BeautyBellUITests.debug.xcconfig"; sourceTree = "<group>"; };
		7949A45F3E1E69FE44EB908B /* Pods-BeautyBell.debug.xcconfig */ = {isa = PBXFileReference; includeInIndex = 1; lastKnownFileType = text.xcconfig; name = "Pods-BeautyBell.debug.xcconfig"; path = "Pods/Target Support Files/Pods-BeautyBell/Pods-BeautyBell.debug.xcconfig"; sourceTree = "<group>"; };
		7F7C60F87138122CEE47DDFD /* Pods-BeautyBell.release.xcconfig */ = {isa = PBXFileReference; includeInIndex = 1; lastKnownFileType = text.xcconfig; name = "Pods-BeautyBell.release.xcconfig"; path = "Pods/Target Support Files/Pods-BeautyBell/Pods-BeautyBell.release.xcconfig"; sourceTree = "<group>"; };
		8BFEF77C8169FC6AF7587FFB /* Pods-BeautyBell-BeautyBellUITests.release.xcconfig */ = {isa = PBXFileReference; includeInIndex = 1; lastKnownFileType = text.xcconfig; name = "Pods-BeautyBell-BeautyBellUITests.release.xcconfig"; path = "Pods/Target Support Files/Pods-BeautyBell-BeautyBellUITests/Pods-BeautyBell-BeautyBellUITests.release.xcconfig"; sourceTree = "<group>"; };
		905711B29C077D4CFB3231BB /* Pods-BeautyBellTests.release.xcconfig */ = {isa = PBXFileReference; includeInIndex = 1; lastKnownFileType = text.xcconfig; name = "Pods-BeautyBellTests.release.xcconfig"; path = "Pods/Target Support Files/Pods-BeautyBellTests/Pods-BeautyBellTests.release.xcconfig"; sourceTree = "<group>"; };
		9F2D3CFE98F34D790FBB0998 /* Pods_BeautyBell_BeautyBellUITests.framework */ = {isa = PBXFileReference; explicitFileType = wrapper.framework; includeInIndex = 0; path = Pods_BeautyBell_BeautyBellUITests.framework; sourceTree = BUILT_PRODUCTS_DIR; };
		AB464314032B861FC55BA11A /* Pods-BeautyBellTests.debug.xcconfig */ = {isa = PBXFileReference; includeInIndex = 1; lastKnownFileType = text.xcconfig; name = "Pods-BeautyBellTests.debug.xcconfig"; path = "Pods/Target Support Files/Pods-BeautyBellTests/Pods-BeautyBellTests.debug.xcconfig"; sourceTree = "<group>"; };
		DAA4C68A265F94F20041BC49 /* ServiceCollectionViewCell.swift */ = {isa = PBXFileReference; lastKnownFileType = sourcecode.swift; path = ServiceCollectionViewCell.swift; sourceTree = "<group>"; };
		DAA4C68B265F94F20041BC49 /* ServiceCollectionViewCell.xib */ = {isa = PBXFileReference; lastKnownFileType = file.xib; path = ServiceCollectionViewCell.xib; sourceTree = "<group>"; };
		DAA4C694265F96A80041BC49 /* ProfileViewController.swift */ = {isa = PBXFileReference; lastKnownFileType = sourcecode.swift; path = ProfileViewController.swift; sourceTree = "<group>"; };
		DAA4C699265F97560041BC49 /* HomeViewController.swift */ = {isa = PBXFileReference; lastKnownFileType = sourcecode.swift; path = HomeViewController.swift; sourceTree = "<group>"; };
		DAC336F8265F9268003F6452 /* ArtisanTableViewCell.swift */ = {isa = PBXFileReference; lastKnownFileType = sourcecode.swift; path = ArtisanTableViewCell.swift; sourceTree = "<group>"; };
		DAC336F9265F9268003F6452 /* ArtisanTableViewCell.xib */ = {isa = PBXFileReference; lastKnownFileType = file.xib; path = ArtisanTableViewCell.xib; sourceTree = "<group>"; };
		DAD08927265F883800CA59CF /* BeautyBell.app */ = {isa = PBXFileReference; explicitFileType = wrapper.application; includeInIndex = 0; path = BeautyBell.app; sourceTree = BUILT_PRODUCTS_DIR; };
		DAD0892A265F883800CA59CF /* AppDelegate.swift */ = {isa = PBXFileReference; lastKnownFileType = sourcecode.swift; path = AppDelegate.swift; sourceTree = "<group>"; };
		DAD0892C265F883800CA59CF /* SceneDelegate.swift */ = {isa = PBXFileReference; lastKnownFileType = sourcecode.swift; path = SceneDelegate.swift; sourceTree = "<group>"; };
		DAD0892E265F883800CA59CF /* LoginViewController.swift */ = {isa = PBXFileReference; lastKnownFileType = sourcecode.swift; path = LoginViewController.swift; sourceTree = "<group>"; };
		DAD08931265F883800CA59CF /* Base */ = {isa = PBXFileReference; lastKnownFileType = file.storyboard; name = Base; path = Base.lproj/Main.storyboard; sourceTree = "<group>"; };
		DAD08933265F883900CA59CF /* Assets.xcassets */ = {isa = PBXFileReference; lastKnownFileType = folder.assetcatalog; path = Assets.xcassets; sourceTree = "<group>"; };
		DAD08936265F883900CA59CF /* Base */ = {isa = PBXFileReference; lastKnownFileType = file.storyboard; name = Base; path = Base.lproj/LaunchScreen.storyboard; sourceTree = "<group>"; };
		DAD08938265F883900CA59CF /* Info.plist */ = {isa = PBXFileReference; lastKnownFileType = text.plist.xml; path = Info.plist; sourceTree = "<group>"; };
		DAD0893D265F883A00CA59CF /* BeautyBellTests.xctest */ = {isa = PBXFileReference; explicitFileType = wrapper.cfbundle; includeInIndex = 0; path = BeautyBellTests.xctest; sourceTree = BUILT_PRODUCTS_DIR; };
		DAD08941265F883A00CA59CF /* BeautyBellTests.swift */ = {isa = PBXFileReference; lastKnownFileType = sourcecode.swift; path = BeautyBellTests.swift; sourceTree = "<group>"; };
		DAD08943265F883A00CA59CF /* Info.plist */ = {isa = PBXFileReference; lastKnownFileType = text.plist.xml; path = Info.plist; sourceTree = "<group>"; };
		DAD08948265F883A00CA59CF /* BeautyBellUITests.xctest */ = {isa = PBXFileReference; explicitFileType = wrapper.cfbundle; includeInIndex = 0; path = BeautyBellUITests.xctest; sourceTree = BUILT_PRODUCTS_DIR; };
		DAD0894C265F883A00CA59CF /* BeautyBellUITests.swift */ = {isa = PBXFileReference; lastKnownFileType = sourcecode.swift; path = BeautyBellUITests.swift; sourceTree = "<group>"; };
		DAD0894E265F883A00CA59CF /* Info.plist */ = {isa = PBXFileReference; lastKnownFileType = text.plist.xml; path = Info.plist; sourceTree = "<group>"; };
/* End PBXFileReference section */

/* Begin PBXFrameworksBuildPhase section */
		DAD08924265F883800CA59CF /* Frameworks */ = {
			isa = PBXFrameworksBuildPhase;
			buildActionMask = 2147483647;
			files = (
				AF476C389D1B47CAD61837D5 /* Pods_BeautyBell.framework in Frameworks */,
			);
			runOnlyForDeploymentPostprocessing = 0;
		};
		DAD0893A265F883A00CA59CF /* Frameworks */ = {
			isa = PBXFrameworksBuildPhase;
			buildActionMask = 2147483647;
			files = (
				25790A72844D2F00450C1A27 /* Pods_BeautyBellTests.framework in Frameworks */,
			);
			runOnlyForDeploymentPostprocessing = 0;
		};
		DAD08945265F883A00CA59CF /* Frameworks */ = {
			isa = PBXFrameworksBuildPhase;
			buildActionMask = 2147483647;
			files = (
				824802C0E5B979804F3C429C /* Pods_BeautyBell_BeautyBellUITests.framework in Frameworks */,
			);
			runOnlyForDeploymentPostprocessing = 0;
		};
/* End PBXFrameworksBuildPhase section */

/* Begin PBXGroup section */
		28A7C352BD40EF523DE0B508 /* Frameworks */ = {
			isa = PBXGroup;
			children = (
				581AA41AD6D35629793C3EF5 /* Pods_BeautyBell.framework */,
				9F2D3CFE98F34D790FBB0998 /* Pods_BeautyBell_BeautyBellUITests.framework */,
				0A8EE50DF5A0F24B1C541A50 /* Pods_BeautyBellTests.framework */,
			);
			name = Frameworks;
			sourceTree = "<group>";
		};
		3CF05282AF2BBC1CD6D9CB1F /* Pods */ = {
			isa = PBXGroup;
			children = (
				7949A45F3E1E69FE44EB908B /* Pods-BeautyBell.debug.xcconfig */,
				7F7C60F87138122CEE47DDFD /* Pods-BeautyBell.release.xcconfig */,
				6890C95454B435BA82D812DE /* Pods-BeautyBell-BeautyBellUITests.debug.xcconfig */,
				8BFEF77C8169FC6AF7587FFB /* Pods-BeautyBell-BeautyBellUITests.release.xcconfig */,
				AB464314032B861FC55BA11A /* Pods-BeautyBellTests.debug.xcconfig */,
				905711B29C077D4CFB3231BB /* Pods-BeautyBellTests.release.xcconfig */,
			);
			name = Pods;
			sourceTree = "<group>";
		};
		6161BD24266099A500946BA7 /* View Model */ = {
			isa = PBXGroup;
			children = (
				6161BD25266099B500946BA7 /* LoginViewModel.swift */,
			);
			path = "View Model";
			sourceTree = "<group>";
		};
		617D423E2660BD9B002885B0 /* View Model */ = {
			isa = PBXGroup;
			children = (
				617D423F2660BDB4002885B0 /* ProfileViewModel.swift */,
			);
			path = "View Model";
			sourceTree = "<group>";
		};
		61905FED265FCB85000B276F /* Networking */ = {
			isa = PBXGroup;
			children = (
				61905FEF265FCB9F000B276F /* NetworkService.swift */,
			);
			path = Networking;
			sourceTree = "<group>";
		};
		61B788F0265FEEC10034A83C /* Extension */ = {
			isa = PBXGroup;
			children = (
				61B788F1265FEECB0034A83C /* Extension.swift */,
			);
			path = Extension;
			sourceTree = "<group>";
		};
		61C020B4265FD22200CDF696 /* Model */ = {
			isa = PBXGroup;
			children = (
				61C020B5265FD24600CDF696 /* Artisan.swift */,
			);
			path = Model;
			sourceTree = "<group>";
		};
		61C021F0265FE05200CDF696 /* View Model */ = {
			isa = PBXGroup;
			children = (
				61C021EB265FDF5100CDF696 /* ArtisanViewModel.swift */,
				61C021D4265FD68500CDF696 /* ArtisansListViewModel.swift */,
				61B78904265FF1B50034A83C /* ServiceViewModel.swift */,
			);
			path = "View Model";
			sourceTree = "<group>";
		};
		DAA4C689265F94CC0041BC49 /* Collection View Cell */ = {
			isa = PBXGroup;
			children = (
				DAA4C68A265F94F20041BC49 /* ServiceCollectionViewCell.swift */,
				DAA4C68B265F94F20041BC49 /* ServiceCollectionViewCell.xib */,
			);
			path = "Collection View Cell";
			sourceTree = "<group>";
		};
		DAC336F6265F923D003F6452 /* Home */ = {
			isa = PBXGroup;
			children = (
				61C021F0265FE05200CDF696 /* View Model */,
				DAA4C689265F94CC0041BC49 /* Collection View Cell */,
				DAC336FF265F926C003F6452 /* Table View Cell */,
				DAA4C699265F97560041BC49 /* HomeViewController.swift */,
				6189255A265FBC6300BFF444 /* DetailArtisanViewController.swift */,
			);
			path = Home;
			sourceTree = "<group>";
		};
		DAC336F7265F9241003F6452 /* Profile */ = {
			isa = PBXGroup;
			children = (
				617D423E2660BD9B002885B0 /* View Model */,
				DAA4C694265F96A80041BC49 /* ProfileViewController.swift */,
			);
			path = Profile;
			sourceTree = "<group>";
		};
		DAC336FF265F926C003F6452 /* Table View Cell */ = {
			isa = PBXGroup;
			children = (
				DAC336F9265F9268003F6452 /* ArtisanTableViewCell.xib */,
				DAC336F8265F9268003F6452 /* ArtisanTableViewCell.swift */,
			);
			path = "Table View Cell";
			sourceTree = "<group>";
		};
		DAD0891E265F883800CA59CF = {
			isa = PBXGroup;
			children = (
				DAD08929265F883800CA59CF /* BeautyBell */,
				DAD08940265F883A00CA59CF /* BeautyBellTests */,
				DAD0894B265F883A00CA59CF /* BeautyBellUITests */,
				DAD08928265F883800CA59CF /* Products */,
				3CF05282AF2BBC1CD6D9CB1F /* Pods */,
				28A7C352BD40EF523DE0B508 /* Frameworks */,
			);
			sourceTree = "<group>";
		};
		DAD08928265F883800CA59CF /* Products */ = {
			isa = PBXGroup;
			children = (
				DAD08927265F883800CA59CF /* BeautyBell.app */,
				DAD0893D265F883A00CA59CF /* BeautyBellTests.xctest */,
				DAD08948265F883A00CA59CF /* BeautyBellUITests.xctest */,
			);
			name = Products;
			sourceTree = "<group>";
		};
		DAD08929265F883800CA59CF /* BeautyBell */ = {
			isa = PBXGroup;
			children = (
				61B788F0265FEEC10034A83C /* Extension */,
				DAD08960265F8FB100CA59CF /* Services */,
				DAD0895F265F8F9800CA59CF /* Resources */,
				DAD0895E265F8F8C00CA59CF /* Module */,
				DAD0895D265F8F8000CA59CF /* App */,
				61C020B4265FD22200CDF696 /* Model */,
				DAD08938265F883900CA59CF /* Info.plist */,
			);
			path = BeautyBell;
			sourceTree = "<group>";
		};
		DAD08940265F883A00CA59CF /* BeautyBellTests */ = {
			isa = PBXGroup;
			children = (
				DAD08941265F883A00CA59CF /* BeautyBellTests.swift */,
				DAD08943265F883A00CA59CF /* Info.plist */,
			);
			path = BeautyBellTests;
			sourceTree = "<group>";
		};
		DAD0894B265F883A00CA59CF /* BeautyBellUITests */ = {
			isa = PBXGroup;
			children = (
				DAD0894C265F883A00CA59CF /* BeautyBellUITests.swift */,
				DAD0894E265F883A00CA59CF /* Info.plist */,
			);
			path = BeautyBellUITests;
			sourceTree = "<group>";
		};
		DAD0895D265F8F8000CA59CF /* App */ = {
			isa = PBXGroup;
			children = (
				DAD0892C265F883800CA59CF /* SceneDelegate.swift */,
				DAD0892A265F883800CA59CF /* AppDelegate.swift */,
			);
			path = App;
			sourceTree = "<group>";
		};
		DAD0895E265F8F8C00CA59CF /* Module */ = {
			isa = PBXGroup;
			children = (
				DAC336F6265F923D003F6452 /* Home */,
				DAC336F7265F9241003F6452 /* Profile */,
				DAD08961265F900300CA59CF /* Login */,
			);
			path = Module;
			sourceTree = "<group>";
		};
		DAD0895F265F8F9800CA59CF /* Resources */ = {
			isa = PBXGroup;
			children = (
				DAD08933265F883900CA59CF /* Assets.xcassets */,
				DAD08930265F883800CA59CF /* Main.storyboard */,
				DAD08935265F883900CA59CF /* LaunchScreen.storyboard */,
			);
			path = Resources;
			sourceTree = "<group>";
		};
		DAD08960265F8FB100CA59CF /* Services */ = {
			isa = PBXGroup;
			children = (
				61905FED265FCB85000B276F /* Networking */,
			);
			path = Services;
			sourceTree = "<group>";
		};
		DAD08961265F900300CA59CF /* Login */ = {
			isa = PBXGroup;
			children = (
				6161BD24266099A500946BA7 /* View Model */,
				DAD0892E265F883800CA59CF /* LoginViewController.swift */,
			);
			path = Login;
			sourceTree = "<group>";
		};
/* End PBXGroup section */

/* Begin PBXNativeTarget section */
		DAD08926265F883800CA59CF /* BeautyBell */ = {
			isa = PBXNativeTarget;
			buildConfigurationList = DAD08951265F883A00CA59CF /* Build configuration list for PBXNativeTarget "BeautyBell" */;
			buildPhases = (
				C95E28119F32F7E79A671B84 /* [CP] Check Pods Manifest.lock */,
				DAD08923265F883800CA59CF /* Sources */,
				DAD08924265F883800CA59CF /* Frameworks */,
				DAD08925265F883800CA59CF /* Resources */,
				05C80CEC24C1724CDE8076EA /* [CP] Embed Pods Frameworks */,
			);
			buildRules = (
			);
			dependencies = (
			);
			name = BeautyBell;
			productName = BeautyBell;
			productReference = DAD08927265F883800CA59CF /* BeautyBell.app */;
			productType = "com.apple.product-type.application";
		};
		DAD0893C265F883A00CA59CF /* BeautyBellTests */ = {
			isa = PBXNativeTarget;
			buildConfigurationList = DAD08954265F883A00CA59CF /* Build configuration list for PBXNativeTarget "BeautyBellTests" */;
			buildPhases = (
				8AD53887B6E7D35DF5340CA0 /* [CP] Check Pods Manifest.lock */,
				DAD08939265F883A00CA59CF /* Sources */,
				DAD0893A265F883A00CA59CF /* Frameworks */,
				DAD0893B265F883A00CA59CF /* Resources */,
			);
			buildRules = (
			);
			dependencies = (
				DAD0893F265F883A00CA59CF /* PBXTargetDependency */,
			);
			name = BeautyBellTests;
			productName = BeautyBellTests;
			productReference = DAD0893D265F883A00CA59CF /* BeautyBellTests.xctest */;
			productType = "com.apple.product-type.bundle.unit-test";
		};
		DAD08947265F883A00CA59CF /* BeautyBellUITests */ = {
			isa = PBXNativeTarget;
			buildConfigurationList = DAD08957265F883A00CA59CF /* Build configuration list for PBXNativeTarget "BeautyBellUITests" */;
			buildPhases = (
				6146AB936D991A5303BE549C /* [CP] Check Pods Manifest.lock */,
				DAD08944265F883A00CA59CF /* Sources */,
				DAD08945265F883A00CA59CF /* Frameworks */,
				DAD08946265F883A00CA59CF /* Resources */,
				3A443FC78312285C9C9CB642 /* [CP] Embed Pods Frameworks */,
			);
			buildRules = (
			);
			dependencies = (
				DAD0894A265F883A00CA59CF /* PBXTargetDependency */,
			);
			name = BeautyBellUITests;
			productName = BeautyBellUITests;
			productReference = DAD08948265F883A00CA59CF /* BeautyBellUITests.xctest */;
			productType = "com.apple.product-type.bundle.ui-testing";
		};
/* End PBXNativeTarget section */

/* Begin PBXProject section */
		DAD0891F265F883800CA59CF /* Project object */ = {
			isa = PBXProject;
			attributes = {
				LastSwiftUpdateCheck = 1240;
				LastUpgradeCheck = 1240;
				TargetAttributes = {
					DAD08926265F883800CA59CF = {
						CreatedOnToolsVersion = 12.4;
					};
					DAD0893C265F883A00CA59CF = {
						CreatedOnToolsVersion = 12.4;
						TestTargetID = DAD08926265F883800CA59CF;
					};
					DAD08947265F883A00CA59CF = {
						CreatedOnToolsVersion = 12.4;
						TestTargetID = DAD08926265F883800CA59CF;
					};
				};
			};
			buildConfigurationList = DAD08922265F883800CA59CF /* Build configuration list for PBXProject "BeautyBell" */;
			compatibilityVersion = "Xcode 9.3";
			developmentRegion = en;
			hasScannedForEncodings = 0;
			knownRegions = (
				en,
				Base,
			);
			mainGroup = DAD0891E265F883800CA59CF;
			productRefGroup = DAD08928265F883800CA59CF /* Products */;
			projectDirPath = "";
			projectRoot = "";
			targets = (
				DAD08926265F883800CA59CF /* BeautyBell */,
				DAD0893C265F883A00CA59CF /* BeautyBellTests */,
				DAD08947265F883A00CA59CF /* BeautyBellUITests */,
			);
		};
/* End PBXProject section */

/* Begin PBXResourcesBuildPhase section */
		DAD08925265F883800CA59CF /* Resources */ = {
			isa = PBXResourcesBuildPhase;
			buildActionMask = 2147483647;
			files = (
				DAD08937265F883900CA59CF /* LaunchScreen.storyboard in Resources */,
				DAD08934265F883900CA59CF /* Assets.xcassets in Resources */,
				DAC336FB265F9268003F6452 /* ArtisanTableViewCell.xib in Resources */,
				DAD08932265F883800CA59CF /* Main.storyboard in Resources */,
				DAA4C68D265F94F20041BC49 /* ServiceCollectionViewCell.xib in Resources */,
			);
			runOnlyForDeploymentPostprocessing = 0;
		};
		DAD0893B265F883A00CA59CF /* Resources */ = {
			isa = PBXResourcesBuildPhase;
			buildActionMask = 2147483647;
			files = (
			);
			runOnlyForDeploymentPostprocessing = 0;
		};
		DAD08946265F883A00CA59CF /* Resources */ = {
			isa = PBXResourcesBuildPhase;
			buildActionMask = 2147483647;
			files = (
			);
			runOnlyForDeploymentPostprocessing = 0;
		};
/* End PBXResourcesBuildPhase section */

/* Begin PBXShellScriptBuildPhase section */
		05C80CEC24C1724CDE8076EA /* [CP] Embed Pods Frameworks */ = {
			isa = PBXShellScriptBuildPhase;
			buildActionMask = 2147483647;
			files = (
			);
			inputPaths = (
				"${SRCROOT}/Pods/Target Support Files/Pods-BeautyBell/Pods-BeautyBell-frameworks.sh",
				"${BUILT_PRODUCTS_DIR}/Alamofire/Alamofire.framework",
				"${BUILT_PRODUCTS_DIR}/AlamofireImage/AlamofireImage.framework",
				"${BUILT_PRODUCTS_DIR}/FBSDKCoreKit/FBSDKCoreKit.framework",
				"${BUILT_PRODUCTS_DIR}/FBSDKLoginKit/FBSDKLoginKit.framework",
				"${BUILT_PRODUCTS_DIR}/RxCocoa/RxCocoa.framework",
				"${BUILT_PRODUCTS_DIR}/RxRelay/RxRelay.framework",
				"${BUILT_PRODUCTS_DIR}/RxSwift/RxSwift.framework",
				"${BUILT_PRODUCTS_DIR}/SwiftyJSON/SwiftyJSON.framework",
			);
			name = "[CP] Embed Pods Frameworks";
			outputPaths = (
				"${TARGET_BUILD_DIR}/${FRAMEWORKS_FOLDER_PATH}/Alamofire.framework",
				"${TARGET_BUILD_DIR}/${FRAMEWORKS_FOLDER_PATH}/AlamofireImage.framework",
				"${TARGET_BUILD_DIR}/${FRAMEWORKS_FOLDER_PATH}/FBSDKCoreKit.framework",
				"${TARGET_BUILD_DIR}/${FRAMEWORKS_FOLDER_PATH}/FBSDKLoginKit.framework",
				"${TARGET_BUILD_DIR}/${FRAMEWORKS_FOLDER_PATH}/RxCocoa.framework",
				"${TARGET_BUILD_DIR}/${FRAMEWORKS_FOLDER_PATH}/RxRelay.framework",
				"${TARGET_BUILD_DIR}/${FRAMEWORKS_FOLDER_PATH}/RxSwift.framework",
				"${TARGET_BUILD_DIR}/${FRAMEWORKS_FOLDER_PATH}/SwiftyJSON.framework",
			);
			runOnlyForDeploymentPostprocessing = 0;
			shellPath = /bin/sh;
			shellScript = "\"${SRCROOT}/Pods/Target Support Files/Pods-BeautyBell/Pods-BeautyBell-frameworks.sh\"\n";
			showEnvVarsInLog = 0;
		};
		3A443FC78312285C9C9CB642 /* [CP] Embed Pods Frameworks */ = {
			isa = PBXShellScriptBuildPhase;
			buildActionMask = 2147483647;
			files = (
			);
			inputPaths = (
				"${SRCROOT}/Pods/Target Support Files/Pods-BeautyBell-BeautyBellUITests/Pods-BeautyBell-BeautyBellUITests-frameworks.sh",
				"${BUILT_PRODUCTS_DIR}/Alamofire/Alamofire.framework",
				"${BUILT_PRODUCTS_DIR}/AlamofireImage/AlamofireImage.framework",
				"${BUILT_PRODUCTS_DIR}/FBSDKCoreKit/FBSDKCoreKit.framework",
				"${BUILT_PRODUCTS_DIR}/FBSDKLoginKit/FBSDKLoginKit.framework",
				"${BUILT_PRODUCTS_DIR}/RxCocoa/RxCocoa.framework",
				"${BUILT_PRODUCTS_DIR}/RxRelay/RxRelay.framework",
				"${BUILT_PRODUCTS_DIR}/RxSwift/RxSwift.framework",
				"${BUILT_PRODUCTS_DIR}/SwiftyJSON/SwiftyJSON.framework",
			);
			name = "[CP] Embed Pods Frameworks";
			outputPaths = (
				"${TARGET_BUILD_DIR}/${FRAMEWORKS_FOLDER_PATH}/Alamofire.framework",
				"${TARGET_BUILD_DIR}/${FRAMEWORKS_FOLDER_PATH}/AlamofireImage.framework",
				"${TARGET_BUILD_DIR}/${FRAMEWORKS_FOLDER_PATH}/FBSDKCoreKit.framework",
				"${TARGET_BUILD_DIR}/${FRAMEWORKS_FOLDER_PATH}/FBSDKLoginKit.framework",
				"${TARGET_BUILD_DIR}/${FRAMEWORKS_FOLDER_PATH}/RxCocoa.framework",
				"${TARGET_BUILD_DIR}/${FRAMEWORKS_FOLDER_PATH}/RxRelay.framework",
				"${TARGET_BUILD_DIR}/${FRAMEWORKS_FOLDER_PATH}/RxSwift.framework",
				"${TARGET_BUILD_DIR}/${FRAMEWORKS_FOLDER_PATH}/SwiftyJSON.framework",
			);
			runOnlyForDeploymentPostprocessing = 0;
			shellPath = /bin/sh;
			shellScript = "\"${SRCROOT}/Pods/Target Support Files/Pods-BeautyBell-BeautyBellUITests/Pods-BeautyBell-BeautyBellUITests-frameworks.sh\"\n";
			showEnvVarsInLog = 0;
		};
		6146AB936D991A5303BE549C /* [CP] Check Pods Manifest.lock */ = {
			isa = PBXShellScriptBuildPhase;
			buildActionMask = 2147483647;
			files = (
			);
			inputPaths = (
				"${PODS_PODFILE_DIR_PATH}/Podfile.lock",
				"${PODS_ROOT}/Manifest.lock",
			);
			name = "[CP] Check Pods Manifest.lock";
			outputPaths = (
				"$(DERIVED_FILE_DIR)/Pods-BeautyBell-BeautyBellUITests-checkManifestLockResult.txt",
			);
			runOnlyForDeploymentPostprocessing = 0;
			shellPath = /bin/sh;
			shellScript = "diff \"${PODS_PODFILE_DIR_PATH}/Podfile.lock\" \"${PODS_ROOT}/Manifest.lock\" > /dev/null\nif [ $? != 0 ] ; then\n    # print error to STDERR\n    echo \"error: The sandbox is not in sync with the Podfile.lock. Run 'pod install' or update your CocoaPods installation.\" >&2\n    exit 1\nfi\n# This output is used by Xcode 'outputs' to avoid re-running this script phase.\necho \"SUCCESS\" > \"${SCRIPT_OUTPUT_FILE_0}\"\n";
			showEnvVarsInLog = 0;
		};
		8AD53887B6E7D35DF5340CA0 /* [CP] Check Pods Manifest.lock */ = {
			isa = PBXShellScriptBuildPhase;
			buildActionMask = 2147483647;
			files = (
			);
			inputPaths = (
				"${PODS_PODFILE_DIR_PATH}/Podfile.lock",
				"${PODS_ROOT}/Manifest.lock",
			);
			name = "[CP] Check Pods Manifest.lock";
			outputPaths = (
				"$(DERIVED_FILE_DIR)/Pods-BeautyBellTests-checkManifestLockResult.txt",
			);
			runOnlyForDeploymentPostprocessing = 0;
			shellPath = /bin/sh;
			shellScript = "diff \"${PODS_PODFILE_DIR_PATH}/Podfile.lock\" \"${PODS_ROOT}/Manifest.lock\" > /dev/null\nif [ $? != 0 ] ; then\n    # print error to STDERR\n    echo \"error: The sandbox is not in sync with the Podfile.lock. Run 'pod install' or update your CocoaPods installation.\" >&2\n    exit 1\nfi\n# This output is used by Xcode 'outputs' to avoid re-running this script phase.\necho \"SUCCESS\" > \"${SCRIPT_OUTPUT_FILE_0}\"\n";
			showEnvVarsInLog = 0;
		};
		C95E28119F32F7E79A671B84 /* [CP] Check Pods Manifest.lock */ = {
			isa = PBXShellScriptBuildPhase;
			buildActionMask = 2147483647;
			files = (
			);
			inputPaths = (
				"${PODS_PODFILE_DIR_PATH}/Podfile.lock",
				"${PODS_ROOT}/Manifest.lock",
			);
			name = "[CP] Check Pods Manifest.lock";
			outputPaths = (
				"$(DERIVED_FILE_DIR)/Pods-BeautyBell-checkManifestLockResult.txt",
			);
			runOnlyForDeploymentPostprocessing = 0;
			shellPath = /bin/sh;
			shellScript = "diff \"${PODS_PODFILE_DIR_PATH}/Podfile.lock\" \"${PODS_ROOT}/Manifest.lock\" > /dev/null\nif [ $? != 0 ] ; then\n    # print error to STDERR\n    echo \"error: The sandbox is not in sync with the Podfile.lock. Run 'pod install' or update your CocoaPods installation.\" >&2\n    exit 1\nfi\n# This output is used by Xcode 'outputs' to avoid re-running this script phase.\necho \"SUCCESS\" > \"${SCRIPT_OUTPUT_FILE_0}\"\n";
			showEnvVarsInLog = 0;
		};
/* End PBXShellScriptBuildPhase section */

/* Begin PBXSourcesBuildPhase section */
		DAD08923265F883800CA59CF /* Sources */ = {
			isa = PBXSourcesBuildPhase;
			buildActionMask = 2147483647;
			files = (
				6189255B265FBC6300BFF444 /* DetailArtisanViewController.swift in Sources */,
				61C021D5265FD68500CDF696 /* ArtisansListViewModel.swift in Sources */,
				DAA4C695265F96A80041BC49 /* ProfileViewController.swift in Sources */,
				61C020B6265FD24600CDF696 /* Artisan.swift in Sources */,
				61B78905265FF1B50034A83C /* ServiceViewModel.swift in Sources */,
				DAA4C68C265F94F20041BC49 /* ServiceCollectionViewCell.swift in Sources */,
				DAD0892F265F883800CA59CF /* LoginViewController.swift in Sources */,
				61905FF0265FCB9F000B276F /* NetworkService.swift in Sources */,
				6161BD26266099B500946BA7 /* LoginViewModel.swift in Sources */,
				61C021EC265FDF5100CDF696 /* ArtisanViewModel.swift in Sources */,
				DAD0892B265F883800CA59CF /* AppDelegate.swift in Sources */,
				61B788F2265FEECB0034A83C /* Extension.swift in Sources */,
				DAC336FA265F9268003F6452 /* ArtisanTableViewCell.swift in Sources */,
				DAA4C69A265F97560041BC49 /* HomeViewController.swift in Sources */,
				617D42402660BDB4002885B0 /* ProfileViewModel.swift in Sources */,
				DAD0892D265F883800CA59CF /* SceneDelegate.swift in Sources */,
			);
			runOnlyForDeploymentPostprocessing = 0;
		};
		DAD08939265F883A00CA59CF /* Sources */ = {
			isa = PBXSourcesBuildPhase;
			buildActionMask = 2147483647;
			files = (
				DAD08942265F883A00CA59CF /* BeautyBellTests.swift in Sources */,
			);
			runOnlyForDeploymentPostprocessing = 0;
		};
		DAD08944265F883A00CA59CF /* Sources */ = {
			isa = PBXSourcesBuildPhase;
			buildActionMask = 2147483647;
			files = (
				DAD0894D265F883A00CA59CF /* BeautyBellUITests.swift in Sources */,
			);
			runOnlyForDeploymentPostprocessing = 0;
		};
/* End PBXSourcesBuildPhase section */

/* Begin PBXTargetDependency section */
		DAD0893F265F883A00CA59CF /* PBXTargetDependency */ = {
			isa = PBXTargetDependency;
			target = DAD08926265F883800CA59CF /* BeautyBell */;
			targetProxy = DAD0893E265F883A00CA59CF /* PBXContainerItemProxy */;
		};
		DAD0894A265F883A00CA59CF /* PBXTargetDependency */ = {
			isa = PBXTargetDependency;
			target = DAD08926265F883800CA59CF /* BeautyBell */;
			targetProxy = DAD08949265F883A00CA59CF /* PBXContainerItemProxy */;
		};
/* End PBXTargetDependency section */

/* Begin PBXVariantGroup section */
		DAD08930265F883800CA59CF /* Main.storyboard */ = {
			isa = PBXVariantGroup;
			children = (
				DAD08931265F883800CA59CF /* Base */,
			);
			name = Main.storyboard;
			sourceTree = "<group>";
		};
		DAD08935265F883900CA59CF /* LaunchScreen.storyboard */ = {
			isa = PBXVariantGroup;
			children = (
				DAD08936265F883900CA59CF /* Base */,
			);
			name = LaunchScreen.storyboard;
			sourceTree = "<group>";
		};
/* End PBXVariantGroup section */

/* Begin XCBuildConfiguration section */
		DAD0894F265F883A00CA59CF /* Debug */ = {
			isa = XCBuildConfiguration;
			buildSettings = {
				ALWAYS_SEARCH_USER_PATHS = NO;
				CLANG_ANALYZER_NONNULL = YES;
				CLANG_ANALYZER_NUMBER_OBJECT_CONVERSION = YES_AGGRESSIVE;
				CLANG_CXX_LANGUAGE_STANDARD = "gnu++14";
				CLANG_CXX_LIBRARY = "libc++";
				CLANG_ENABLE_MODULES = YES;
				CLANG_ENABLE_OBJC_ARC = YES;
				CLANG_ENABLE_OBJC_WEAK = YES;
				CLANG_WARN_BLOCK_CAPTURE_AUTORELEASING = YES;
				CLANG_WARN_BOOL_CONVERSION = YES;
				CLANG_WARN_COMMA = YES;
				CLANG_WARN_CONSTANT_CONVERSION = YES;
				CLANG_WARN_DEPRECATED_OBJC_IMPLEMENTATIONS = YES;
				CLANG_WARN_DIRECT_OBJC_ISA_USAGE = YES_ERROR;
				CLANG_WARN_DOCUMENTATION_COMMENTS = YES;
				CLANG_WARN_EMPTY_BODY = YES;
				CLANG_WARN_ENUM_CONVERSION = YES;
				CLANG_WARN_INFINITE_RECURSION = YES;
				CLANG_WARN_INT_CONVERSION = YES;
				CLANG_WARN_NON_LITERAL_NULL_CONVERSION = YES;
				CLANG_WARN_OBJC_IMPLICIT_RETAIN_SELF = YES;
				CLANG_WARN_OBJC_LITERAL_CONVERSION = YES;
				CLANG_WARN_OBJC_ROOT_CLASS = YES_ERROR;
				CLANG_WARN_QUOTED_INCLUDE_IN_FRAMEWORK_HEADER = YES;
				CLANG_WARN_RANGE_LOOP_ANALYSIS = YES;
				CLANG_WARN_STRICT_PROTOTYPES = YES;
				CLANG_WARN_SUSPICIOUS_MOVE = YES;
				CLANG_WARN_UNGUARDED_AVAILABILITY = YES_AGGRESSIVE;
				CLANG_WARN_UNREACHABLE_CODE = YES;
				CLANG_WARN__DUPLICATE_METHOD_MATCH = YES;
				COPY_PHASE_STRIP = NO;
				DEBUG_INFORMATION_FORMAT = dwarf;
				ENABLE_STRICT_OBJC_MSGSEND = YES;
				ENABLE_TESTABILITY = YES;
				GCC_C_LANGUAGE_STANDARD = gnu11;
				GCC_DYNAMIC_NO_PIC = NO;
				GCC_NO_COMMON_BLOCKS = YES;
				GCC_OPTIMIZATION_LEVEL = 0;
				GCC_PREPROCESSOR_DEFINITIONS = (
					"DEBUG=1",
					"$(inherited)",
				);
				GCC_WARN_64_TO_32_BIT_CONVERSION = YES;
				GCC_WARN_ABOUT_RETURN_TYPE = YES_ERROR;
				GCC_WARN_UNDECLARED_SELECTOR = YES;
				GCC_WARN_UNINITIALIZED_AUTOS = YES_AGGRESSIVE;
				GCC_WARN_UNUSED_FUNCTION = YES;
				GCC_WARN_UNUSED_VARIABLE = YES;
				IPHONEOS_DEPLOYMENT_TARGET = 14.4;
				MTL_ENABLE_DEBUG_INFO = INCLUDE_SOURCE;
				MTL_FAST_MATH = YES;
				ONLY_ACTIVE_ARCH = YES;
				SDKROOT = iphoneos;
				SWIFT_ACTIVE_COMPILATION_CONDITIONS = DEBUG;
				SWIFT_OPTIMIZATION_LEVEL = "-Onone";
			};
			name = Debug;
		};
		DAD08950265F883A00CA59CF /* Release */ = {
			isa = XCBuildConfiguration;
			buildSettings = {
				ALWAYS_SEARCH_USER_PATHS = NO;
				CLANG_ANALYZER_NONNULL = YES;
				CLANG_ANALYZER_NUMBER_OBJECT_CONVERSION = YES_AGGRESSIVE;
				CLANG_CXX_LANGUAGE_STANDARD = "gnu++14";
				CLANG_CXX_LIBRARY = "libc++";
				CLANG_ENABLE_MODULES = YES;
				CLANG_ENABLE_OBJC_ARC = YES;
				CLANG_ENABLE_OBJC_WEAK = YES;
				CLANG_WARN_BLOCK_CAPTURE_AUTORELEASING = YES;
				CLANG_WARN_BOOL_CONVERSION = YES;
				CLANG_WARN_COMMA = YES;
				CLANG_WARN_CONSTANT_CONVERSION = YES;
				CLANG_WARN_DEPRECATED_OBJC_IMPLEMENTATIONS = YES;
				CLANG_WARN_DIRECT_OBJC_ISA_USAGE = YES_ERROR;
				CLANG_WARN_DOCUMENTATION_COMMENTS = YES;
				CLANG_WARN_EMPTY_BODY = YES;
				CLANG_WARN_ENUM_CONVERSION = YES;
				CLANG_WARN_INFINITE_RECURSION = YES;
				CLANG_WARN_INT_CONVERSION = YES;
				CLANG_WARN_NON_LITERAL_NULL_CONVERSION = YES;
				CLANG_WARN_OBJC_IMPLICIT_RETAIN_SELF = YES;
				CLANG_WARN_OBJC_LITERAL_CONVERSION = YES;
				CLANG_WARN_OBJC_ROOT_CLASS = YES_ERROR;
				CLANG_WARN_QUOTED_INCLUDE_IN_FRAMEWORK_HEADER = YES;
				CLANG_WARN_RANGE_LOOP_ANALYSIS = YES;
				CLANG_WARN_STRICT_PROTOTYPES = YES;
				CLANG_WARN_SUSPICIOUS_MOVE = YES;
				CLANG_WARN_UNGUARDED_AVAILABILITY = YES_AGGRESSIVE;
				CLANG_WARN_UNREACHABLE_CODE = YES;
				CLANG_WARN__DUPLICATE_METHOD_MATCH = YES;
				COPY_PHASE_STRIP = NO;
				DEBUG_INFORMATION_FORMAT = "dwarf-with-dsym";
				ENABLE_NS_ASSERTIONS = NO;
				ENABLE_STRICT_OBJC_MSGSEND = YES;
				GCC_C_LANGUAGE_STANDARD = gnu11;
				GCC_NO_COMMON_BLOCKS = YES;
				GCC_WARN_64_TO_32_BIT_CONVERSION = YES;
				GCC_WARN_ABOUT_RETURN_TYPE = YES_ERROR;
				GCC_WARN_UNDECLARED_SELECTOR = YES;
				GCC_WARN_UNINITIALIZED_AUTOS = YES_AGGRESSIVE;
				GCC_WARN_UNUSED_FUNCTION = YES;
				GCC_WARN_UNUSED_VARIABLE = YES;
				IPHONEOS_DEPLOYMENT_TARGET = 14.4;
				MTL_ENABLE_DEBUG_INFO = NO;
				MTL_FAST_MATH = YES;
				SDKROOT = iphoneos;
				SWIFT_COMPILATION_MODE = wholemodule;
				SWIFT_OPTIMIZATION_LEVEL = "-O";
				VALIDATE_PRODUCT = YES;
			};
			name = Release;
		};
		DAD08952265F883A00CA59CF /* Debug */ = {
			isa = XCBuildConfiguration;
			baseConfigurationReference = 7949A45F3E1E69FE44EB908B /* Pods-BeautyBell.debug.xcconfig */;
			buildSettings = {
				ASSETCATALOG_COMPILER_APPICON_NAME = AppIcon;
				ASSETCATALOG_COMPILER_GLOBAL_ACCENT_COLOR_NAME = AccentColor;
				CODE_SIGN_STYLE = Automatic;
				INFOPLIST_FILE = BeautyBell/Info.plist;
				LD_RUNPATH_SEARCH_PATHS = (
					"$(inherited)",
					"@executable_path/Frameworks",
				);
				PRODUCT_BUNDLE_IDENTIFIER = com.dicoding.BeautyBell;
				PRODUCT_NAME = "$(TARGET_NAME)";
				SWIFT_VERSION = 5.0;
				TARGETED_DEVICE_FAMILY = "1,2";
			};
			name = Debug;
		};
		DAD08953265F883A00CA59CF /* Release */ = {
			isa = XCBuildConfiguration;
			baseConfigurationReference = 7F7C60F87138122CEE47DDFD /* Pods-BeautyBell.release.xcconfig */;
			buildSettings = {
				ASSETCATALOG_COMPILER_APPICON_NAME = AppIcon;
				ASSETCATALOG_COMPILER_GLOBAL_ACCENT_COLOR_NAME = AccentColor;
				CODE_SIGN_STYLE = Automatic;
				INFOPLIST_FILE = BeautyBell/Info.plist;
				LD_RUNPATH_SEARCH_PATHS = (
					"$(inherited)",
					"@executable_path/Frameworks",
				);
				PRODUCT_BUNDLE_IDENTIFIER = com.dicoding.BeautyBell;
				PRODUCT_NAME = "$(TARGET_NAME)";
				SWIFT_VERSION = 5.0;
				TARGETED_DEVICE_FAMILY = "1,2";
			};
			name = Release;
		};
		DAD08955265F883A00CA59CF /* Debug */ = {
			isa = XCBuildConfiguration;
			baseConfigurationReference = AB464314032B861FC55BA11A /* Pods-BeautyBellTests.debug.xcconfig */;
			buildSettings = {
				ALWAYS_EMBED_SWIFT_STANDARD_LIBRARIES = YES;
				BUNDLE_LOADER = "$(TEST_HOST)";
				CODE_SIGN_STYLE = Automatic;
				INFOPLIST_FILE = BeautyBellTests/Info.plist;
				IPHONEOS_DEPLOYMENT_TARGET = 14.4;
				LD_RUNPATH_SEARCH_PATHS = (
					"$(inherited)",
					"@executable_path/Frameworks",
					"@loader_path/Frameworks",
				);
				PRODUCT_BUNDLE_IDENTIFIER = com.dicoding.BeautyBellTests;
				PRODUCT_NAME = "$(TARGET_NAME)";
				SWIFT_VERSION = 5.0;
				TARGETED_DEVICE_FAMILY = "1,2";
				TEST_HOST = "$(BUILT_PRODUCTS_DIR)/BeautyBell.app/BeautyBell";
			};
			name = Debug;
		};
		DAD08956265F883A00CA59CF /* Release */ = {
			isa = XCBuildConfiguration;
			baseConfigurationReference = 905711B29C077D4CFB3231BB /* Pods-BeautyBellTests.release.xcconfig */;
			buildSettings = {
				ALWAYS_EMBED_SWIFT_STANDARD_LIBRARIES = YES;
				BUNDLE_LOADER = "$(TEST_HOST)";
				CODE_SIGN_STYLE = Automatic;
				INFOPLIST_FILE = BeautyBellTests/Info.plist;
				IPHONEOS_DEPLOYMENT_TARGET = 14.4;
				LD_RUNPATH_SEARCH_PATHS = (
					"$(inherited)",
					"@executable_path/Frameworks",
					"@loader_path/Frameworks",
				);
				PRODUCT_BUNDLE_IDENTIFIER = com.dicoding.BeautyBellTests;
				PRODUCT_NAME = "$(TARGET_NAME)";
				SWIFT_VERSION = 5.0;
				TARGETED_DEVICE_FAMILY = "1,2";
				TEST_HOST = "$(BUILT_PRODUCTS_DIR)/BeautyBell.app/BeautyBell";
			};
			name = Release;
		};
		DAD08958265F883A00CA59CF /* Debug */ = {
			isa = XCBuildConfiguration;
			baseConfigurationReference = 6890C95454B435BA82D812DE /* Pods-BeautyBell-BeautyBellUITests.debug.xcconfig */;
			buildSettings = {
				ALWAYS_EMBED_SWIFT_STANDARD_LIBRARIES = YES;
				CODE_SIGN_STYLE = Automatic;
				INFOPLIST_FILE = BeautyBellUITests/Info.plist;
				LD_RUNPATH_SEARCH_PATHS = (
					"$(inherited)",
					"@executable_path/Frameworks",
					"@loader_path/Frameworks",
				);
				PRODUCT_BUNDLE_IDENTIFIER = com.dicoding.BeautyBellUITests;
				PRODUCT_NAME = "$(TARGET_NAME)";
				SWIFT_VERSION = 5.0;
				TARGETED_DEVICE_FAMILY = "1,2";
				TEST_TARGET_NAME = BeautyBell;
			};
			name = Debug;
		};
		DAD08959265F883A00CA59CF /* Release */ = {
			isa = XCBuildConfiguration;
			baseConfigurationReference = 8BFEF77C8169FC6AF7587FFB /* Pods-BeautyBell-BeautyBellUITests.release.xcconfig */;
			buildSettings = {
				ALWAYS_EMBED_SWIFT_STANDARD_LIBRARIES = YES;
				CODE_SIGN_STYLE = Automatic;
				INFOPLIST_FILE = BeautyBellUITests/Info.plist;
				LD_RUNPATH_SEARCH_PATHS = (
					"$(inherited)",
					"@executable_path/Frameworks",
					"@loader_path/Frameworks",
				);
				PRODUCT_BUNDLE_IDENTIFIER = com.dicoding.BeautyBellUITests;
				PRODUCT_NAME = "$(TARGET_NAME)";
				SWIFT_VERSION = 5.0;
				TARGETED_DEVICE_FAMILY = "1,2";
				TEST_TARGET_NAME = BeautyBell;
			};
			name = Release;
		};
/* End XCBuildConfiguration section */

/* Begin XCConfigurationList section */
		DAD08922265F883800CA59CF /* Build configuration list for PBXProject "BeautyBell" */ = {
			isa = XCConfigurationList;
			buildConfigurations = (
				DAD0894F265F883A00CA59CF /* Debug */,
				DAD08950265F883A00CA59CF /* Release */,
			);
			defaultConfigurationIsVisible = 0;
			defaultConfigurationName = Release;
		};
		DAD08951265F883A00CA59CF /* Build configuration list for PBXNativeTarget "BeautyBell" */ = {
			isa = XCConfigurationList;
			buildConfigurations = (
				DAD08952265F883A00CA59CF /* Debug */,
				DAD08953265F883A00CA59CF /* Release */,
			);
			defaultConfigurationIsVisible = 0;
			defaultConfigurationName = Release;
		};
		DAD08954265F883A00CA59CF /* Build configuration list for PBXNativeTarget "BeautyBellTests" */ = {
			isa = XCConfigurationList;
			buildConfigurations = (
				DAD08955265F883A00CA59CF /* Debug */,
				DAD08956265F883A00CA59CF /* Release */,
			);
			defaultConfigurationIsVisible = 0;
			defaultConfigurationName = Release;
		};
		DAD08957265F883A00CA59CF /* Build configuration list for PBXNativeTarget "BeautyBellUITests" */ = {
			isa = XCConfigurationList;
			buildConfigurations = (
				DAD08958265F883A00CA59CF /* Debug */,
				DAD08959265F883A00CA59CF /* Release */,
			);
			defaultConfigurationIsVisible = 0;
			defaultConfigurationName = Release;
		};
/* End XCConfigurationList section */
	};
	rootObject = DAD0891F265F883800CA59CF /* Project object */;
}
